
Microsoft Visual Studio Solution File, Format Version 12.00
# Visual Studio 15
VisualStudioVersion = 15.0.28307.421
MinimumVisualStudioVersion = 10.0.40219.1
Project("{9A19103F-16F7-4668-BE54-9A1E7A4F7556}") = "Jeppesen", "Jeppesen\Jeppesen.csproj", "{0AA93D94-6F73-46EE-8422-9A1CE52EB9DB}"
EndProject
Project("{E53339B2-1760-4266-BCC7-CA923CBCF16C}") = "docker-compose", "docker-compose.dcproj", "{AA95CC7A-6560-4CA5-9C1B-91FE4E022669}"
EndProject
Global
	GlobalSection(SolutionConfigurationPlatforms) = preSolution
		Debug|Any CPU = Debug|Any CPU
		Release|Any CPU = Release|Any CPU
	EndGlobalSection
	GlobalSection(ProjectConfigurationPlatforms) = postSolution
		{0AA93D94-6F73-46EE-8422-9A1CE52EB9DB}.Debug|Any CPU.ActiveCfg = Debug|Any CPU
		{0AA93D94-6F73-46EE-8422-9A1CE52EB9DB}.Debug|Any CPU.Build.0 = Debug|Any CPU
		{0AA93D94-6F73-46EE-8422-9A1CE52EB9DB}.Release|Any CPU.ActiveCfg = Release|Any CPU
		{0AA93D94-6F73-46EE-8422-9A1CE52EB9DB}.Release|Any CPU.Build.0 = Release|Any CPU
		{AA95CC7A-6560-4CA5-9C1B-91FE4E022669}.Debug|Any CPU.ActiveCfg = Debug|Any CPU
		{AA95CC7A-6560-4CA5-9C1B-91FE4E022669}.Debug|Any CPU.Build.0 = Debug|Any CPU
		{AA95CC7A-6560-4CA5-9C1B-91FE4E022669}.Release|Any CPU.ActiveCfg = Release|Any CPU
		{AA95CC7A-6560-4CA5-9C1B-91FE4E022669}.Release|Any CPU.Build.0 = Release|Any CPU
	EndGlobalSection
	GlobalSection(SolutionProperties) = preSolution
		HideSolutionNode = FALSE
	EndGlobalSection
	GlobalSection(ExtensibilityGlobals) = postSolution
		SolutionGuid = {B85C0B20-0D3D-490C-8273-C9C02B712F3D}
	EndGlobalSection
EndGlobal
